<?xml version="1.0" encoding="utf-8"?>
<Project ToolsVersion="4.0" xmlns="http://schemas.microsoft.com/developer/msbuild/2003">
  <ItemGroup>
    <Filter Include="ソース ファイル">
      <UniqueIdentifier>{4FC737F1-C7A5-4376-A066-2A32D752A2FF}</UniqueIdentifier>
      <Extensions>cpp;c;cc;cxx;c++;cppm;ixx;def;odl;idl;hpj;bat;asm;asmx</Extensions>
    </Filter>
    <Filter Include="ヘッダー ファイル">
      <UniqueIdentifier>{93995380-89BD-4b04-88EB-625FBE52EBFB}</UniqueIdentifier>
      <Extensions>h;hh;hpp;hxx;h++;hm;inl;inc;ipp;xsd</Extensions>
    </Filter>
    <Filter Include="リソース ファイル">
      <UniqueIdentifier>{67DA6AB6-F800-4c08-8B7A-83BB121AAD01}</UniqueIdentifier>
      <Extensions>rc;ico;cur;bmp;dlg;rc2;rct;bin;rgs;gif;jpg;jpeg;jpe;resx;tiff;tif;png;wav;mfcribbon-ms</Extensions>
    </Filter>
    <Filter Include="シェーダーファイル">
      <UniqueIdentifier>{189c5166-326b-404a-b27a-a20e26dd4d4d}</UniqueIdentifier>
    </Filter>
    <Filter Include="ヘッダー ファイル\Engine">
      <UniqueIdentifier>{875951f9-4cfe-4217-b0cf-0f42703fe74f}</UniqueIdentifier>
    </Filter>
    <Filter Include="ヘッダー ファイル\Engine\Math">
      <UniqueIdentifier>{9819064d-8cdf-4341-9dc4-3c0680a261f3}</UniqueIdentifier>
    </Filter>
    <Filter Include="ヘッダー ファイル\Engine\Input">
      <UniqueIdentifier>{18e33cc4-7188-423c-92f3-ecaabf6f4e93}</UniqueIdentifier>
    </Filter>
    <Filter Include="ヘッダー ファイル\Engine\Graphic">
      <UniqueIdentifier>{e397ec9f-89d2-4b4e-85ca-61d57c8c6ec2}</UniqueIdentifier>
    </Filter>
    <Filter Include="ヘッダー ファイル\Engine\3D">
      <UniqueIdentifier>{c18177b7-dbb4-4de6-b968-b08f803e8e41}</UniqueIdentifier>
    </Filter>
    <Filter Include="ヘッダー ファイル\Engine\3D\Matrix">
      <UniqueIdentifier>{d29d4762-96a6-48d2-a5bf-ab2d94b2f2e9}</UniqueIdentifier>
    </Filter>
    <Filter Include="ヘッダー ファイル\Engine\3D\Obj">
      <UniqueIdentifier>{4872850b-e2d9-473a-8ece-5e3f19f5d094}</UniqueIdentifier>
    </Filter>
    <Filter Include="ヘッダー ファイル\Engine\3D\Effect">
      <UniqueIdentifier>{d92c6128-2241-47d7-9ed8-8a04767791cf}</UniqueIdentifier>
    </Filter>
    <Filter Include="ヘッダー ファイル\Engine\3D\Model">
      <UniqueIdentifier>{4518a4bf-ba50-4de2-b519-a8a4dc37dd7b}</UniqueIdentifier>
    </Filter>
    <Filter Include="ソース ファイル\Engine">
      <UniqueIdentifier>{d0a545a4-5f13-48dc-bd54-8862d43a94cb}</UniqueIdentifier>
    </Filter>
    <Filter Include="ソース ファイル\Engine\Math">
      <UniqueIdentifier>{783d637d-96fe-420e-8f61-cc213de42eb9}</UniqueIdentifier>
    </Filter>
    <Filter Include="ソース ファイル\Engine\Input">
      <UniqueIdentifier>{c10c8266-12fe-42d6-b69e-bc2b7a7f449b}</UniqueIdentifier>
    </Filter>
    <Filter Include="ソース ファイル\Engine\Graphic">
      <UniqueIdentifier>{84e699ae-a43d-4b59-b4ac-201273dc0b32}</UniqueIdentifier>
    </Filter>
    <Filter Include="ソース ファイル\Engine\Base">
      <UniqueIdentifier>{8a8938aa-2ad2-4c66-bcb3-8b9b278272c1}</UniqueIdentifier>
    </Filter>
    <Filter Include="ソース ファイル\Engine\3D">
      <UniqueIdentifier>{bc0e52b3-f2be-4d67-bb8c-688599659087}</UniqueIdentifier>
    </Filter>
    <Filter Include="ソース ファイル\Engine\3D\Matrix">
      <UniqueIdentifier>{2f925e35-28ed-4e90-935a-23a98adbaae8}</UniqueIdentifier>
    </Filter>
    <Filter Include="ソース ファイル\Engine\3D\Obj">
      <UniqueIdentifier>{89d49f7a-8a79-495a-82df-65b3a54b9f46}</UniqueIdentifier>
    </Filter>
    <Filter Include="ソース ファイル\Engine\3D\Effect">
      <UniqueIdentifier>{ecd696a8-a3e7-43e4-856e-10acd558e073}</UniqueIdentifier>
    </Filter>
    <Filter Include="ソース ファイル\Engine\3D\Model">
      <UniqueIdentifier>{1ab4b3ee-bfdb-459a-ab9c-8393635fdddf}</UniqueIdentifier>
    </Filter>
    <Filter Include="ソース ファイル\Other">
      <UniqueIdentifier>{fc1745ef-42d6-4f03-85ea-41eacf78f00f}</UniqueIdentifier>
    </Filter>
    <Filter Include="ヘッダー ファイル\Other">
      <UniqueIdentifier>{c3b71481-bdd1-4867-8d93-07aaefa26514}</UniqueIdentifier>
    </Filter>
    <Filter Include="ヘッダー ファイル\Engine\Light">
      <UniqueIdentifier>{0de0eca1-1d57-4c60-9910-0b702517de20}</UniqueIdentifier>
    </Filter>
    <Filter Include="ソース ファイル\Engine\Light">
      <UniqueIdentifier>{d644087d-9414-4ec0-83b0-976523e8c7d9}</UniqueIdentifier>
    </Filter>
    <Filter Include="ヘッダー ファイル\Engine\Base">
      <UniqueIdentifier>{b27b0c63-a02d-4da6-9808-757fd3726209}</UniqueIdentifier>
    </Filter>
    <Filter Include="ヘッダー ファイル\Engine\2D">
      <UniqueIdentifier>{f6fc9a72-602c-4cb2-a942-70423a320b16}</UniqueIdentifier>
    </Filter>
    <Filter Include="ソース ファイル\Engine\2D">
      <UniqueIdentifier>{2bfa72b3-a537-45b2-81a2-bc2bfb4f6f79}</UniqueIdentifier>
    </Filter>
    <Filter Include="ヘッダー ファイル\Scene">
      <UniqueIdentifier>{f1ab15ae-b796-47b5-97f6-5618e85135b0}</UniqueIdentifier>
    </Filter>
    <Filter Include="ソース ファイル\Scene">
      <UniqueIdentifier>{ba09e446-8ac3-45ed-a421-452c50bc27a4}</UniqueIdentifier>
    </Filter>
    <Filter Include="ヘッダー ファイル\Engine\Debug">
      <UniqueIdentifier>{85c180e9-830e-4939-81e9-2387bc4f83d2}</UniqueIdentifier>
    </Filter>
    <Filter Include="ソース ファイル\Engine\Debug">
      <UniqueIdentifier>{89c0ef75-a20b-4635-b466-fdfd8dac15f4}</UniqueIdentifier>
    </Filter>
    <Filter Include="ヘッダー ファイル\Engine\Sound">
      <UniqueIdentifier>{0370ef6d-4b04-43da-9286-f7d2b7c5c114}</UniqueIdentifier>
    </Filter>
    <Filter Include="ソース ファイル\Engine\Sound">
      <UniqueIdentifier>{ea3b9bc2-33dd-4cd6-891a-1798ca33449b}</UniqueIdentifier>
    </Filter>
  </ItemGroup>
  <ItemGroup>
    <ClCompile Include="main.cpp">
      <Filter>ソース ファイル</Filter>
    </ClCompile>
    <ClCompile Include="Projection.cpp">
      <Filter>ソース ファイル\Engine\3D\Matrix</Filter>
    </ClCompile>
    <ClCompile Include="DirectX12.cpp">
      <Filter>ソース ファイル\Engine\Base</Filter>
    </ClCompile>
    <ClCompile Include="Window.cpp">
      <Filter>ソース ファイル\Engine\Base</Filter>
    </ClCompile>
    <ClCompile Include="Input.cpp">
      <Filter>ソース ファイル\Engine\Input</Filter>
    </ClCompile>
    <ClCompile Include="Timer.cpp">
      <Filter>ソース ファイル\Other</Filter>
    </ClCompile>
    <ClCompile Include="View.cpp">
      <Filter>ソース ファイル\Engine\3D\Matrix</Filter>
    </ClCompile>
    <ClCompile Include="Texture.cpp">
      <Filter>ソース ファイル\Engine\Graphic</Filter>
    </ClCompile>
    <ClCompile Include="RootParam.cpp">
      <Filter>ソース ファイル\Engine\Base</Filter>
    </ClCompile>
    <ClCompile Include="GPipeline.cpp">
      <Filter>ソース ファイル\Engine\Graphic</Filter>
    </ClCompile>
    <ClCompile Include="Matrix.cpp">
      <Filter>ソース ファイル\Engine\Math</Filter>
    </ClCompile>
    <ClCompile Include="ConstBuff.cpp">
      <Filter>ソース ファイル\Engine\Base</Filter>
    </ClCompile>
    <ClCompile Include="Util.cpp">
      <Filter>ソース ファイル\Other</Filter>
    </ClCompile>
    <ClCompile Include="Particle.cpp">
      <Filter>ソース ファイル\Engine\3D\Effect</Filter>
    </ClCompile>
    <ClCompile Include="Object.cpp">
      <Filter>ソース ファイル\Engine\3D\Obj</Filter>
    </ClCompile>
    <ClCompile Include="ParticleVI.cpp">
      <Filter>ソース ファイル\Engine\3D\Effect</Filter>
    </ClCompile>
    <ClCompile Include="Fire.cpp">
      <Filter>ソース ファイル\Engine\3D\Effect</Filter>
    </ClCompile>
    <ClCompile Include="Rand.cpp">
      <Filter>ソース ファイル\Other</Filter>
    </ClCompile>
    <ClCompile Include="Ease.cpp">
      <Filter>ソース ファイル\Other</Filter>
    </ClCompile>
    <ClCompile Include="Graphic.cpp">
      <Filter>ソース ファイル\Engine\Graphic</Filter>
    </ClCompile>
    <ClCompile Include="Float2.cpp">
      <Filter>ソース ファイル\Engine\Math</Filter>
    </ClCompile>
    <ClCompile Include="Float3.cpp">
      <Filter>ソース ファイル\Engine\Math</Filter>
    </ClCompile>
    <ClCompile Include="Float4.cpp">
      <Filter>ソース ファイル\Engine\Math</Filter>
    </ClCompile>
    <ClCompile Include="IFMath.cpp">
      <Filter>ソース ファイル\Engine\Math</Filter>
    </ClCompile>
    <ClCompile Include="Model.cpp">
      <Filter>ソース ファイル\Engine\3D\Model</Filter>
    </ClCompile>
    <ClCompile Include="Vector2.cpp">
      <Filter>ソース ファイル\Engine\Math</Filter>
    </ClCompile>
    <ClCompile Include="Vector3.cpp">
      <Filter>ソース ファイル\Engine\Math</Filter>
    </ClCompile>
    <ClCompile Include="ModelVI.cpp">
      <Filter>ソース ファイル\Engine\3D\Model</Filter>
    </ClCompile>
    <ClCompile Include="Light.cpp">
      <Filter>ソース ファイル\Engine\Light</Filter>
    </ClCompile>
    <ClCompile Include="SpriteVI.cpp">
      <Filter>ソース ファイル\Engine\2D</Filter>
    </ClCompile>
    <ClCompile Include="Sprite.cpp">
      <Filter>ソース ファイル\Engine\2D</Filter>
    </ClCompile>
    <ClCompile Include="MathConvert.cpp">
      <Filter>ソース ファイル\Engine\Math</Filter>
    </ClCompile>
    <ClCompile Include="Scene.cpp">
      <Filter>ソース ファイル\Scene</Filter>
    </ClCompile>
    <ClCompile Include="FPS.cpp">
      <Filter>ソース ファイル\Engine\Base</Filter>
    </ClCompile>
    <ClCompile Include="DebugText.cpp">
      <Filter>ソース ファイル\Engine\Debug</Filter>
    </ClCompile>
    <ClCompile Include="Sound.cpp">
      <Filter>ソース ファイル\Engine\Sound</Filter>
    </ClCompile>
    <ClCompile Include="Debug.cpp">
      <Filter>ソース ファイル\Engine\Debug</Filter>
    </ClCompile>
  </ItemGroup>
  <ItemGroup>
    <FxCompile Include="ModelPS.hlsl">
      <Filter>シェーダーファイル</Filter>
    </FxCompile>
    <FxCompile Include="ModelVS.hlsl">
      <Filter>シェーダーファイル</Filter>
    </FxCompile>
    <FxCompile Include="ModelGS.hlsl">
      <Filter>シェーダーファイル</Filter>
    </FxCompile>
    <FxCompile Include="ParticleGS.hlsl">
      <Filter>シェーダーファイル</Filter>
    </FxCompile>
    <FxCompile Include="ParticlePS.hlsl">
      <Filter>シェーダーファイル</Filter>
    </FxCompile>
    <FxCompile Include="ParticleVS.hlsl">
      <Filter>シェーダーファイル</Filter>
    </FxCompile>
    <FxCompile Include="SpriteVS.hlsl">
      <Filter>シェーダーファイル</Filter>
    </FxCompile>
    <FxCompile Include="SpritePS.hlsl">
      <Filter>シェーダーファイル</Filter>
    </FxCompile>
  </ItemGroup>
  <ItemGroup>
    <ClInclude Include="Projection.h">
      <Filter>ヘッダー ファイル\Engine\3D\Matrix</Filter>
    </ClInclude>
    <ClInclude Include="Window.h">
      <Filter>ヘッダー ファイル\Engine\Base</Filter>
    </ClInclude>
    <ClInclude Include="DirectX12.h">
      <Filter>ヘッダー ファイル\Engine\Base</Filter>
    </ClInclude>
    <ClInclude Include="Input.h">
      <Filter>ヘッダー ファイル\Engine\Input</Filter>
    </ClInclude>
    <ClInclude Include="Rand.h">
      <Filter>ヘッダー ファイル\Other</Filter>
    </ClInclude>
    <ClInclude Include="Timer.h">
      <Filter>ヘッダー ファイル\Other</Filter>
    </ClInclude>
    <ClInclude Include="View.h">
      <Filter>ヘッダー ファイル\Engine\3D\Matrix</Filter>
    </ClInclude>
    <ClInclude Include="Texture.h">
      <Filter>ヘッダー ファイル\Engine\Graphic</Filter>
    </ClInclude>
    <ClInclude Include="RootParam.h">
      <Filter>ヘッダー ファイル\Engine\Base</Filter>
    </ClInclude>
    <ClInclude Include="GPipeline.h">
      <Filter>ヘッダー ファイル\Engine\Graphic</Filter>
    </ClInclude>
    <ClInclude Include="Matrix.h">
      <Filter>ヘッダー ファイル\Engine\Math</Filter>
    </ClInclude>
    <ClInclude Include="ConstBuff.h">
      <Filter>ヘッダー ファイル\Engine\Base</Filter>
    </ClInclude>
    <ClInclude Include="ConstStruct.h">
      <Filter>ヘッダー ファイル\Engine\Base</Filter>
    </ClInclude>
    <ClInclude Include="Util.h">
      <Filter>ヘッダー ファイル\Other</Filter>
    </ClInclude>
    <ClInclude Include="Particle.h">
      <Filter>ヘッダー ファイル\Engine\3D\Effect</Filter>
    </ClInclude>
    <ClInclude Include="Object.h">
      <Filter>ヘッダー ファイル\Engine\3D\Obj</Filter>
    </ClInclude>
    <ClInclude Include="ParticleVI.h">
      <Filter>ヘッダー ファイル\Engine\3D\Effect</Filter>
    </ClInclude>
    <ClInclude Include="Fire.h">
      <Filter>ヘッダー ファイル\Engine\3D\Effect</Filter>
    </ClInclude>
    <ClInclude Include="Ease.h">
      <Filter>ヘッダー ファイル\Other</Filter>
    </ClInclude>
    <ClInclude Include="Graphic.h">
      <Filter>ヘッダー ファイル\Engine\Graphic</Filter>
    </ClInclude>
    <ClInclude Include="Float2.h">
      <Filter>ヘッダー ファイル\Engine\Math</Filter>
    </ClInclude>
    <ClInclude Include="Float3.h">
      <Filter>ヘッダー ファイル\Engine\Math</Filter>
    </ClInclude>
    <ClInclude Include="Float4.h">
      <Filter>ヘッダー ファイル\Engine\Math</Filter>
    </ClInclude>
    <ClInclude Include="IFMath.h">
      <Filter>ヘッダー ファイル\Engine\Math</Filter>
    </ClInclude>
    <ClInclude Include="Model.h">
      <Filter>ヘッダー ファイル\Engine\3D\Model</Filter>
    </ClInclude>
    <ClInclude Include="Vector2.h">
      <Filter>ヘッダー ファイル\Engine\Math</Filter>
    </ClInclude>
    <ClInclude Include="Vector3.h">
      <Filter>ヘッダー ファイル\Engine\Math</Filter>
    </ClInclude>
    <ClInclude Include="ModelVI.h">
      <Filter>ヘッダー ファイル\Engine\3D\Model</Filter>
    </ClInclude>
    <ClInclude Include="Light.h">
      <Filter>ヘッダー ファイル\Engine\Light</Filter>
    </ClInclude>
    <ClInclude Include="PointLight.h">
      <Filter>ヘッダー ファイル\Engine\Light</Filter>
    </ClInclude>
    <ClInclude Include="DirectionalLight.h">
      <Filter>ヘッダー ファイル\Engine\Light</Filter>
    </ClInclude>
    <ClInclude Include="SpotLight.h">
      <Filter>ヘッダー ファイル\Engine\Light</Filter>
    </ClInclude>
    <ClInclude Include="CircleShadow.h">
      <Filter>ヘッダー ファイル\Engine\Light</Filter>
    </ClInclude>
    <ClInclude Include="SpriteVI.h">
      <Filter>ヘッダー ファイル\Engine\2D</Filter>
    </ClInclude>
    <ClInclude Include="Sprite.h">
      <Filter>ヘッダー ファイル\Engine\2D</Filter>
    </ClInclude>
    <ClInclude Include="MathConvert.h">
      <Filter>ヘッダー ファイル\Engine\Math</Filter>
    </ClInclude>
    <ClInclude Include="Scene.h">
      <Filter>ヘッダー ファイル\Scene</Filter>
    </ClInclude>
    <ClInclude Include="IScene.h">
      <Filter>ヘッダー ファイル\Scene</Filter>
    </ClInclude>
    <ClInclude Include="FPS.h">
      <Filter>ヘッダー ファイル\Engine\Base</Filter>
    </ClInclude>
    <ClInclude Include="DebugText.h">
      <Filter>ヘッダー ファイル\Engine\Debug</Filter>
    </ClInclude>
    <ClInclude Include="Sound.h">
      <Filter>ヘッダー ファイル\Engine\Sound</Filter>
    </ClInclude>
    <ClInclude Include="Debug.h">
      <Filter>ヘッダー ファイル\Engine\Debug</Filter>
    </ClInclude>
  </ItemGroup>
  <ItemGroup>
    <None Include="Model.hlsli">
      <Filter>シェーダーファイル</Filter>
    </None>
    <None Include="Particle.hlsli">
      <Filter>シェーダーファイル</Filter>
    </None>
    <None Include="Sprite.hlsli">
      <Filter>シェーダーファイル</Filter>
    </None>
  </ItemGroup>
</Project>